// !$*UTF8*$!
{
	archiveVersion = 1;
	classes = {
	};
	objectVersion = 50;
	objects = {

/* Begin PBXBuildFile section */
		272F31AE221FBEBA000E1B17 /* AppDelegate.swift in Sources */ = {isa = PBXBuildFile; fileRef = 272F31AD221FBEBA000E1B17 /* AppDelegate.swift */; };
		272F31B5221FBEBC000E1B17 /* Assets.xcassets in Resources */ = {isa = PBXBuildFile; fileRef = 272F31B4221FBEBC000E1B17 /* Assets.xcassets */; };
		272F31DB221FC761000E1B17 /* LaunchScreen.storyboard in Resources */ = {isa = PBXBuildFile; fileRef = 272F31DA221FC761000E1B17 /* LaunchScreen.storyboard */; };
		27D354372221F5550078C436 /* AnimalModule.framework in Frameworks */ = {isa = PBXBuildFile; fileRef = 27D354362221F4F60078C436 /* AnimalModule.framework */; };
		27D354382221F5550078C436 /* AnimalModule.framework in Embed Frameworks */ = {isa = PBXBuildFile; fileRef = 27D354362221F4F60078C436 /* AnimalModule.framework */; settings = {ATTRIBUTES = (CodeSignOnCopy, RemoveHeadersOnCopy, ); }; };
		27D3543B2221F5550078C436 /* IntentHandlerModule.framework in Frameworks */ = {isa = PBXBuildFile; fileRef = 27D354302221F4F20078C436 /* IntentHandlerModule.framework */; };
		27D3543C2221F5550078C436 /* IntentHandlerModule.framework in Embed Frameworks */ = {isa = PBXBuildFile; fileRef = 27D354302221F4F20078C436 /* IntentHandlerModule.framework */; settings = {ATTRIBUTES = (CodeSignOnCopy, RemoveHeadersOnCopy, ); }; };
		27D3543F2221F5550078C436 /* ExploreModule.framework in Frameworks */ = {isa = PBXBuildFile; fileRef = 27D3542A2221F4EF0078C436 /* ExploreModule.framework */; };
		27D354402221F5550078C436 /* ExploreModule.framework in Embed Frameworks */ = {isa = PBXBuildFile; fileRef = 27D3542A2221F4EF0078C436 /* ExploreModule.framework */; settings = {ATTRIBUTES = (CodeSignOnCopy, RemoveHeadersOnCopy, ); }; };
		27D354432221F5550078C436 /* IntentModule.framework in Frameworks */ = {isa = PBXBuildFile; fileRef = 27D354232221F4E10078C436 /* IntentModule.framework */; };
		27D354442221F5550078C436 /* IntentModule.framework in Embed Frameworks */ = {isa = PBXBuildFile; fileRef = 27D354232221F4E10078C436 /* IntentModule.framework */; settings = {ATTRIBUTES = (CodeSignOnCopy, RemoveHeadersOnCopy, ); }; };
		27D354472221F5550078C436 /* ProfileModule.framework in Frameworks */ = {isa = PBXBuildFile; fileRef = 27A713712221F4B400C02DD1 /* ProfileModule.framework */; };
		27D354482221F5550078C436 /* ProfileModule.framework in Embed Frameworks */ = {isa = PBXBuildFile; fileRef = 27A713712221F4B400C02DD1 /* ProfileModule.framework */; settings = {ATTRIBUTES = (CodeSignOnCopy, RemoveHeadersOnCopy, ); }; };
/* End PBXBuildFile section */

/* Begin PBXContainerItemProxy section */
		27A713702221F4B400C02DD1 /* PBXContainerItemProxy */ = {
			isa = PBXContainerItemProxy;
			containerPortal = 27A7136C2221F4B400C02DD1 /* ProfileModule.xcodeproj */;
			proxyType = 2;
			remoteGlobalIDString = 272F31C9221FC0F4000E1B17;
			remoteInfo = ProfileModule;
		};
		27D354222221F4E10078C436 /* PBXContainerItemProxy */ = {
			isa = PBXContainerItemProxy;
			containerPortal = 27D3541E2221F4E10078C436 /* IntentModule.xcodeproj */;
			proxyType = 2;
			remoteGlobalIDString = 272F31E8221FCA5C000E1B17;
			remoteInfo = IntentModule;
		};
		27D354292221F4EF0078C436 /* PBXContainerItemProxy */ = {
			isa = PBXContainerItemProxy;
			containerPortal = 27D354252221F4EF0078C436 /* ExploreModule.xcodeproj */;
			proxyType = 2;
			remoteGlobalIDString = 272F3205221FCCE5000E1B17;
			remoteInfo = ExploreModule;
		};
		27D3542F2221F4F20078C436 /* PBXContainerItemProxy */ = {
			isa = PBXContainerItemProxy;
			containerPortal = 27D3542B2221F4F20078C436 /* IntentHandlerModule.xcodeproj */;
			proxyType = 2;
			remoteGlobalIDString = 2731F071221FD5FB00E15AA3;
			remoteInfo = IntentHandlerModule;
		};
		27D354352221F4F60078C436 /* PBXContainerItemProxy */ = {
			isa = PBXContainerItemProxy;
			containerPortal = 27D354312221F4F60078C436 /* AnimalModule.xcodeproj */;
			proxyType = 2;
			remoteGlobalIDString = 2700EA5C221FDFE1006C4ED4;
			remoteInfo = AnimalModule;
		};
		27D354392221F5550078C436 /* PBXContainerItemProxy */ = {
			isa = PBXContainerItemProxy;
			containerPortal = 27D354312221F4F60078C436 /* AnimalModule.xcodeproj */;
			proxyType = 1;
			remoteGlobalIDString = 2700EA5B221FDFE1006C4ED4;
			remoteInfo = AnimalModule;
		};
		27D3543D2221F5550078C436 /* PBXContainerItemProxy */ = {
			isa = PBXContainerItemProxy;
			containerPortal = 27D3542B2221F4F20078C436 /* IntentHandlerModule.xcodeproj */;
			proxyType = 1;
			remoteGlobalIDString = 2731F070221FD5FB00E15AA3;
			remoteInfo = IntentHandlerModule;
		};
		27D354412221F5550078C436 /* PBXContainerItemProxy */ = {
			isa = PBXContainerItemProxy;
			containerPortal = 27D354252221F4EF0078C436 /* ExploreModule.xcodeproj */;
			proxyType = 1;
			remoteGlobalIDString = 272F3204221FCCE5000E1B17;
			remoteInfo = ExploreModule;
		};
		27D354452221F5550078C436 /* PBXContainerItemProxy */ = {
			isa = PBXContainerItemProxy;
			containerPortal = 27D3541E2221F4E10078C436 /* IntentModule.xcodeproj */;
			proxyType = 1;
			remoteGlobalIDString = 272F31E7221FCA5C000E1B17;
			remoteInfo = IntentModule;
		};
		27D354492221F5550078C436 /* PBXContainerItemProxy */ = {
			isa = PBXContainerItemProxy;
			containerPortal = 27A7136C2221F4B400C02DD1 /* ProfileModule.xcodeproj */;
			proxyType = 1;
			remoteGlobalIDString = 272F31C8221FC0F4000E1B17;
			remoteInfo = ProfileModule;
		};
/* End PBXContainerItemProxy section */

/* Begin PBXCopyFilesBuildPhase section */
		272F31D9221FC2BA000E1B17 /* Embed Frameworks */ = {
			isa = PBXCopyFilesBuildPhase;
			buildActionMask = 2147483647;
			dstPath = "";
			dstSubfolderSpec = 10;
			files = (
				27D354382221F5550078C436 /* AnimalModule.framework in Embed Frameworks */,
				27D3543C2221F5550078C436 /* IntentHandlerModule.framework in Embed Frameworks */,
				27D354482221F5550078C436 /* ProfileModule.framework in Embed Frameworks */,
				27D354442221F5550078C436 /* IntentModule.framework in Embed Frameworks */,
				27D354402221F5550078C436 /* ExploreModule.framework in Embed Frameworks */,
			);
			name = "Embed Frameworks";
			runOnlyForDeploymentPostprocessing = 0;
		};
/* End PBXCopyFilesBuildPhase section */

/* Begin PBXFileReference section */
		272F31AA221FBEBA000E1B17 /* ModuleNavigation.app */ = {isa = PBXFileReference; explicitFileType = wrapper.application; includeInIndex = 0; path = ModuleNavigation.app; sourceTree = BUILT_PRODUCTS_DIR; };
		272F31AD221FBEBA000E1B17 /* AppDelegate.swift */ = {isa = PBXFileReference; lastKnownFileType = sourcecode.swift; path = AppDelegate.swift; sourceTree = "<group>"; };
		272F31B4221FBEBC000E1B17 /* Assets.xcassets */ = {isa = PBXFileReference; lastKnownFileType = folder.assetcatalog; path = Assets.xcassets; sourceTree = "<group>"; };
		272F31B9221FBEBC000E1B17 /* Info.plist */ = {isa = PBXFileReference; lastKnownFileType = text.plist.xml; path = Info.plist; sourceTree = "<group>"; };
		272F31DA221FC761000E1B17 /* LaunchScreen.storyboard */ = {isa = PBXFileReference; fileEncoding = 4; lastKnownFileType = file.storyboard; path = LaunchScreen.storyboard; sourceTree = "<group>"; };
		27A7136C2221F4B400C02DD1 /* ProfileModule.xcodeproj */ = {isa = PBXFileReference; lastKnownFileType = "wrapper.pb-project"; name = ProfileModule.xcodeproj; path = ../ProfileModule/ProfileModule.xcodeproj; sourceTree = "<group>"; };
		27D3541E2221F4E10078C436 /* IntentModule.xcodeproj */ = {isa = PBXFileReference; lastKnownFileType = "wrapper.pb-project"; name = IntentModule.xcodeproj; path = ../IntentModule/IntentModule.xcodeproj; sourceTree = "<group>"; };
		27D354252221F4EF0078C436 /* ExploreModule.xcodeproj */ = {isa = PBXFileReference; lastKnownFileType = "wrapper.pb-project"; name = ExploreModule.xcodeproj; path = ../ExploreModule/ExploreModule.xcodeproj; sourceTree = "<group>"; };
		27D3542B2221F4F20078C436 /* IntentHandlerModule.xcodeproj */ = {isa = PBXFileReference; lastKnownFileType = "wrapper.pb-project"; name = IntentHandlerModule.xcodeproj; path = ../IntentHandlerModule/IntentHandlerModule.xcodeproj; sourceTree = "<group>"; };
		27D354312221F4F60078C436 /* AnimalModule.xcodeproj */ = {isa = PBXFileReference; lastKnownFileType = "wrapper.pb-project"; name = AnimalModule.xcodeproj; path = ../AnimalModule/AnimalModule.xcodeproj; sourceTree = "<group>"; };
/* End PBXFileReference section */

/* Begin PBXFrameworksBuildPhase section */
		272F31A7221FBEBA000E1B17 /* Frameworks */ = {
			isa = PBXFrameworksBuildPhase;
			buildActionMask = 2147483647;
			files = (
				27D354372221F5550078C436 /* AnimalModule.framework in Frameworks */,
				27D3543B2221F5550078C436 /* IntentHandlerModule.framework in Frameworks */,
				27D354472221F5550078C436 /* ProfileModule.framework in Frameworks */,
				27D354432221F5550078C436 /* IntentModule.framework in Frameworks */,
				27D3543F2221F5550078C436 /* ExploreModule.framework in Frameworks */,
			);
			runOnlyForDeploymentPostprocessing = 0;
		};
/* End PBXFrameworksBuildPhase section */

/* Begin PBXGroup section */
		272F31A1221FBEBA000E1B17 = {
			isa = PBXGroup;
			children = (
				27D354312221F4F60078C436 /* AnimalModule.xcodeproj */,
				27D3542B2221F4F20078C436 /* IntentHandlerModule.xcodeproj */,
				27D354252221F4EF0078C436 /* ExploreModule.xcodeproj */,
				27D3541E2221F4E10078C436 /* IntentModule.xcodeproj */,
				27A7136C2221F4B400C02DD1 /* ProfileModule.xcodeproj */,
				272F31AC221FBEBA000E1B17 /* ModuleNavigation */,
				272F31AB221FBEBA000E1B17 /* Products */,
			);
			sourceTree = "<group>";
		};
		272F31AB221FBEBA000E1B17 /* Products */ = {
			isa = PBXGroup;
			children = (
				272F31AA221FBEBA000E1B17 /* ModuleNavigation.app */,
			);
			name = Products;
			sourceTree = "<group>";
		};
		272F31AC221FBEBA000E1B17 /* ModuleNavigation */ = {
			isa = PBXGroup;
			children = (
				272F31B4221FBEBC000E1B17 /* Assets.xcassets */,
				272F31AD221FBEBA000E1B17 /* AppDelegate.swift */,
				272F31DA221FC761000E1B17 /* LaunchScreen.storyboard */,
				272F31B9221FBEBC000E1B17 /* Info.plist */,
			);
			path = ModuleNavigation;
			sourceTree = "<group>";
		};
		27A7136D2221F4B400C02DD1 /* Products */ = {
			isa = PBXGroup;
			children = (
				27A713712221F4B400C02DD1 /* ProfileModule.framework */,
			);
			name = Products;
			sourceTree = "<group>";
		};
		27D3541F2221F4E10078C436 /* Products */ = {
			isa = PBXGroup;
			children = (
				27D354232221F4E10078C436 /* IntentModule.framework */,
			);
			name = Products;
			sourceTree = "<group>";
		};
		27D354262221F4EF0078C436 /* Products */ = {
			isa = PBXGroup;
			children = (
				27D3542A2221F4EF0078C436 /* ExploreModule.framework */,
			);
			name = Products;
			sourceTree = "<group>";
		};
		27D3542C2221F4F20078C436 /* Products */ = {
			isa = PBXGroup;
			children = (
				27D354302221F4F20078C436 /* IntentHandlerModule.framework */,
			);
			name = Products;
			sourceTree = "<group>";
		};
		27D354322221F4F60078C436 /* Products */ = {
			isa = PBXGroup;
			children = (
				27D354362221F4F60078C436 /* AnimalModule.framework */,
			);
			name = Products;
			sourceTree = "<group>";
		};
/* End PBXGroup section */

/* Begin PBXNativeTarget section */
		272F31A9221FBEBA000E1B17 /* ModuleNavigation */ = {
			isa = PBXNativeTarget;
			buildConfigurationList = 272F31BC221FBEBC000E1B17 /* Build configuration list for PBXNativeTarget "ModuleNavigation" */;
			buildPhases = (
				272F31A6221FBEBA000E1B17 /* Sources */,
				272F31A7221FBEBA000E1B17 /* Frameworks */,
				272F31A8221FBEBA000E1B17 /* Resources */,
				272F31D9221FC2BA000E1B17 /* Embed Frameworks */,
			);
			buildRules = (
			);
			dependencies = (
				27D3543A2221F5550078C436 /* PBXTargetDependency */,
				27D3543E2221F5550078C436 /* PBXTargetDependency */,
				27D354422221F5550078C436 /* PBXTargetDependency */,
				27D354462221F5550078C436 /* PBXTargetDependency */,
				27D3544A2221F5550078C436 /* PBXTargetDependency */,
			);
			name = ModuleNavigation;
			productName = ModuleNavigation;
			productReference = 272F31AA221FBEBA000E1B17 /* ModuleNavigation.app */;
			productType = "com.apple.product-type.application";
		};
/* End PBXNativeTarget section */

/* Begin PBXProject section */
		272F31A2221FBEBA000E1B17 /* Project object */ = {
			isa = PBXProject;
			attributes = {
				LastSwiftUpdateCheck = 1010;
				LastUpgradeCheck = 1010;
				ORGANIZATIONNAME = nickbryanmiller;
				TargetAttributes = {
					272F31A9221FBEBA000E1B17 = {
						CreatedOnToolsVersion = 10.1;
					};
				};
			};
			buildConfigurationList = 272F31A5221FBEBA000E1B17 /* Build configuration list for PBXProject "ModuleNavigation" */;
			compatibilityVersion = "Xcode 9.3";
			developmentRegion = en;
			hasScannedForEncodings = 0;
			knownRegions = (
				en,
				Base,
			);
			mainGroup = 272F31A1221FBEBA000E1B17;
			productRefGroup = 272F31AB221FBEBA000E1B17 /* Products */;
			projectDirPath = "";
			projectReferences = (
				{
					ProductGroup = 27D354322221F4F60078C436 /* Products */;
					ProjectRef = 27D354312221F4F60078C436 /* AnimalModule.xcodeproj */;
				},
				{
					ProductGroup = 27D354262221F4EF0078C436 /* Products */;
					ProjectRef = 27D354252221F4EF0078C436 /* ExploreModule.xcodeproj */;
				},
				{
					ProductGroup = 27D3542C2221F4F20078C436 /* Products */;
					ProjectRef = 27D3542B2221F4F20078C436 /* IntentHandlerModule.xcodeproj */;
				},
				{
					ProductGroup = 27D3541F2221F4E10078C436 /* Products */;
					ProjectRef = 27D3541E2221F4E10078C436 /* IntentModule.xcodeproj */;
				},
				{
					ProductGroup = 27A7136D2221F4B400C02DD1 /* Products */;
					ProjectRef = 27A7136C2221F4B400C02DD1 /* ProfileModule.xcodeproj */;
				},
			);
			projectRoot = "";
			targets = (
				272F31A9221FBEBA000E1B17 /* ModuleNavigation */,
			);
		};
/* End PBXProject section */

/* Begin PBXReferenceProxy section */
		27A713712221F4B400C02DD1 /* ProfileModule.framework */ = {
			isa = PBXReferenceProxy;
			fileType = wrapper.framework;
			path = ProfileModule.framework;
			remoteRef = 27A713702221F4B400C02DD1 /* PBXContainerItemProxy */;
			sourceTree = BUILT_PRODUCTS_DIR;
		};
		27D354232221F4E10078C436 /* IntentModule.framework */ = {
			isa = PBXReferenceProxy;
			fileType = wrapper.framework;
			path = IntentModule.framework;
			remoteRef = 27D354222221F4E10078C436 /* PBXContainerItemProxy */;
			sourceTree = BUILT_PRODUCTS_DIR;
		};
		27D3542A2221F4EF0078C436 /* ExploreModule.framework */ = {
			isa = PBXReferenceProxy;
			fileType = wrapper.framework;
			path = ExploreModule.framework;
			remoteRef = 27D354292221F4EF0078C436 /* PBXContainerItemProxy */;
			sourceTree = BUILT_PRODUCTS_DIR;
		};
		27D354302221F4F20078C436 /* IntentHandlerModule.framework */ = {
			isa = PBXReferenceProxy;
			fileType = wrapper.framework;
			path = IntentHandlerModule.framework;
			remoteRef = 27D3542F2221F4F20078C436 /* PBXContainerItemProxy */;
			sourceTree = BUILT_PRODUCTS_DIR;
		};
		27D354362221F4F60078C436 /* AnimalModule.framework */ = {
			isa = PBXReferenceProxy;
			fileType = wrapper.framework;
			path = AnimalModule.framework;
			remoteRef = 27D354352221F4F60078C436 /* PBXContainerItemProxy */;
			sourceTree = BUILT_PRODUCTS_DIR;
		};
/* End PBXReferenceProxy section */

/* Begin PBXResourcesBuildPhase section */
		272F31A8221FBEBA000E1B17 /* Resources */ = {
			isa = PBXResourcesBuildPhase;
			buildActionMask = 2147483647;
			files = (
				272F31B5221FBEBC000E1B17 /* Assets.xcassets in Resources */,
				272F31DB221FC761000E1B17 /* LaunchScreen.storyboard in Resources */,
			);
			runOnlyForDeploymentPostprocessing = 0;
		};
/* End PBXResourcesBuildPhase section */

/* Begin PBXSourcesBuildPhase section */
		272F31A6221FBEBA000E1B17 /* Sources */ = {
			isa = PBXSourcesBuildPhase;
			buildActionMask = 2147483647;
			files = (
				272F31AE221FBEBA000E1B17 /* AppDelegate.swift in Sources */,
			);
			runOnlyForDeploymentPostprocessing = 0;
		};
/* End PBXSourcesBuildPhase section */

/* Begin PBXTargetDependency section */
		27D3543A2221F5550078C436 /* PBXTargetDependency */ = {
			isa = PBXTargetDependency;
			name = AnimalModule;
			targetProxy = 27D354392221F5550078C436 /* PBXContainerItemProxy */;
		};
		27D3543E2221F5550078C436 /* PBXTargetDependency */ = {
			isa = PBXTargetDependency;
			name = IntentHandlerModule;
			targetProxy = 27D3543D2221F5550078C436 /* PBXContainerItemProxy */;
		};
		27D354422221F5550078C436 /* PBXTargetDependency */ = {
			isa = PBXTargetDependency;
			name = ExploreModule;
			targetProxy = 27D354412221F5550078C436 /* PBXContainerItemProxy */;
		};
		27D354462221F5550078C436 /* PBXTargetDependency */ = {
			isa = PBXTargetDependency;
			name = IntentModule;
			targetProxy = 27D354452221F5550078C436 /* PBXContainerItemProxy */;
		};
		27D3544A2221F5550078C436 /* PBXTargetDependency */ = {
			isa = PBXTargetDependency;
			name = ProfileModule;
			targetProxy = 27D354492221F5550078C436 /* PBXContainerItemProxy */;
		};
/* End PBXTargetDependency section */

/* Begin XCBuildConfiguration section */
		272F31BA221FBEBC000E1B17 /* Debug */ = {
			isa = XCBuildConfiguration;
			buildSettings = {
				ALWAYS_SEARCH_USER_PATHS = NO;
				CLANG_ANALYZER_NONNULL = YES;
				CLANG_ANALYZER_NUMBER_OBJECT_CONVERSION = YES_AGGRESSIVE;
				CLANG_CXX_LANGUAGE_STANDARD = "gnu++14";
				CLANG_CXX_LIBRARY = "libc++";
				CLANG_ENABLE_MODULES = YES;
				CLANG_ENABLE_OBJC_ARC = YES;
				CLANG_ENABLE_OBJC_WEAK = YES;
				CLANG_WARN_BLOCK_CAPTURE_AUTORELEASING = YES;
				CLANG_WARN_BOOL_CONVERSION = YES;
				CLANG_WARN_COMMA = YES;
				CLANG_WARN_CONSTANT_CONVERSION = YES;
				CLANG_WARN_DEPRECATED_OBJC_IMPLEMENTATIONS = YES;
				CLANG_WARN_DIRECT_OBJC_ISA_USAGE = YES_ERROR;
				CLANG_WARN_DOCUMENTATION_COMMENTS = YES;
				CLANG_WARN_EMPTY_BODY = YES;
				CLANG_WARN_ENUM_CONVERSION = YES;
				CLANG_WARN_INFINITE_RECURSION = YES;
				CLANG_WARN_INT_CONVERSION = YES;
				CLANG_WARN_NON_LITERAL_NULL_CONVERSION = YES;
				CLANG_WARN_OBJC_IMPLICIT_RETAIN_SELF = YES;
				CLANG_WARN_OBJC_LITERAL_CONVERSION = YES;
				CLANG_WARN_OBJC_ROOT_CLASS = YES_ERROR;
				CLANG_WARN_RANGE_LOOP_ANALYSIS = YES;
				CLANG_WARN_STRICT_PROTOTYPES = YES;
				CLANG_WARN_SUSPICIOUS_MOVE = YES;
				CLANG_WARN_UNGUARDED_AVAILABILITY = YES_AGGRESSIVE;
				CLANG_WARN_UNREACHABLE_CODE = YES;
				CLANG_WARN__DUPLICATE_METHOD_MATCH = YES;
				CODE_SIGN_IDENTITY = "iPhone Developer";
				COPY_PHASE_STRIP = NO;
				DEBUG_INFORMATION_FORMAT = dwarf;
				ENABLE_STRICT_OBJC_MSGSEND = YES;
				ENABLE_TESTABILITY = YES;
				GCC_C_LANGUAGE_STANDARD = gnu11;
				GCC_DYNAMIC_NO_PIC = NO;
				GCC_NO_COMMON_BLOCKS = YES;
				GCC_OPTIMIZATION_LEVEL = 0;
				GCC_PREPROCESSOR_DEFINITIONS = (
					"DEBUG=1",
					"$(inherited)",
				);
				GCC_WARN_64_TO_32_BIT_CONVERSION = YES;
				GCC_WARN_ABOUT_RETURN_TYPE = YES_ERROR;
				GCC_WARN_UNDECLARED_SELECTOR = YES;
				GCC_WARN_UNINITIALIZED_AUTOS = YES_AGGRESSIVE;
				GCC_WARN_UNUSED_FUNCTION = YES;
				GCC_WARN_UNUSED_VARIABLE = YES;
				IPHONEOS_DEPLOYMENT_TARGET = 12.1;
				MTL_ENABLE_DEBUG_INFO = INCLUDE_SOURCE;
				MTL_FAST_MATH = YES;
				ONLY_ACTIVE_ARCH = YES;
				SDKROOT = iphoneos;
				SWIFT_ACTIVE_COMPILATION_CONDITIONS = DEBUG;
				SWIFT_OPTIMIZATION_LEVEL = "-Onone";
			};
			name = Debug;
		};
		272F31BB221FBEBC000E1B17 /* Release */ = {
			isa = XCBuildConfiguration;
			buildSettings = {
				ALWAYS_SEARCH_USER_PATHS = NO;
				CLANG_ANALYZER_NONNULL = YES;
				CLANG_ANALYZER_NUMBER_OBJECT_CONVERSION = YES_AGGRESSIVE;
				CLANG_CXX_LANGUAGE_STANDARD = "gnu++14";
				CLANG_CXX_LIBRARY = "libc++";
				CLANG_ENABLE_MODULES = YES;
				CLANG_ENABLE_OBJC_ARC = YES;
				CLANG_ENABLE_OBJC_WEAK = YES;
				CLANG_WARN_BLOCK_CAPTURE_AUTORELEASING = YES;
				CLANG_WARN_BOOL_CONVERSION = YES;
				CLANG_WARN_COMMA = YES;
				CLANG_WARN_CONSTANT_CONVERSION = YES;
				CLANG_WARN_DEPRECATED_OBJC_IMPLEMENTATIONS = YES;
				CLANG_WARN_DIRECT_OBJC_ISA_USAGE = YES_ERROR;
				CLANG_WARN_DOCUMENTATION_COMMENTS = YES;
				CLANG_WARN_EMPTY_BODY = YES;
				CLANG_WARN_ENUM_CONVERSION = YES;
				CLANG_WARN_INFINITE_RECURSION = YES;
				CLANG_WARN_INT_CONVERSION = YES;
				CLANG_WARN_NON_LITERAL_NULL_CONVERSION = YES;
				CLANG_WARN_OBJC_IMPLICIT_RETAIN_SELF = YES;
				CLANG_WARN_OBJC_LITERAL_CONVERSION = YES;
				CLANG_WARN_OBJC_ROOT_CLASS = YES_ERROR;
				CLANG_WARN_RANGE_LOOP_ANALYSIS = YES;
				CLANG_WARN_STRICT_PROTOTYPES = YES;
				CLANG_WARN_SUSPICIOUS_MOVE = YES;
				CLANG_WARN_UNGUARDED_AVAILABILITY = YES_AGGRESSIVE;
				CLANG_WARN_UNREACHABLE_CODE = YES;
				CLANG_WARN__DUPLICATE_METHOD_MATCH = YES;
				CODE_SIGN_IDENTITY = "iPhone Developer";
				COPY_PHASE_STRIP = NO;
				DEBUG_INFORMATION_FORMAT = "dwarf-with-dsym";
				ENABLE_NS_ASSERTIONS = NO;
				ENABLE_STRICT_OBJC_MSGSEND = YES;
				GCC_C_LANGUAGE_STANDARD = gnu11;
				GCC_NO_COMMON_BLOCKS = YES;
				GCC_WARN_64_TO_32_BIT_CONVERSION = YES;
				GCC_WARN_ABOUT_RETURN_TYPE = YES_ERROR;
				GCC_WARN_UNDECLARED_SELECTOR = YES;
				GCC_WARN_UNINITIALIZED_AUTOS = YES_AGGRESSIVE;
				GCC_WARN_UNUSED_FUNCTION = YES;
				GCC_WARN_UNUSED_VARIABLE = YES;
				IPHONEOS_DEPLOYMENT_TARGET = 12.1;
				MTL_ENABLE_DEBUG_INFO = NO;
				MTL_FAST_MATH = YES;
				SDKROOT = iphoneos;
				SWIFT_COMPILATION_MODE = wholemodule;
				SWIFT_OPTIMIZATION_LEVEL = "-O";
				VALIDATE_PRODUCT = YES;
			};
			name = Release;
		};
		272F31BD221FBEBC000E1B17 /* Debug */ = {
			isa = XCBuildConfiguration;
			buildSettings = {
				ALWAYS_EMBED_SWIFT_STANDARD_LIBRARIES = YES;
				ASSETCATALOG_COMPILER_APPICON_NAME = AppIcon;
				CODE_SIGN_STYLE = Automatic;
				DEVELOPMENT_TEAM = RFG59VNY29;
				INFOPLIST_FILE = ModuleNavigation/Info.plist;
				LD_RUNPATH_SEARCH_PATHS = (
					"$(inherited)",
					"@executable_path/Frameworks",
				);
				PRODUCT_BUNDLE_IDENTIFIER = nickbryanmiller.ModuleNavigation;
				PRODUCT_NAME = "$(TARGET_NAME)";
				SWIFT_VERSION = 4.2;
				TARGETED_DEVICE_FAMILY = "1,2";
			};
			name = Debug;
		};
		272F31BE221FBEBC000E1B17 /* Release */ = {
			isa = XCBuildConfiguration;
			buildSettings = {
				ALWAYS_EMBED_SWIFT_STANDARD_LIBRARIES = YES;
				ASSETCATALOG_COMPILER_APPICON_NAME = AppIcon;
				CODE_SIGN_STYLE = Automatic;
				DEVELOPMENT_TEAM = RFG59VNY29;
				INFOPLIST_FILE = ModuleNavigation/Info.plist;
				LD_RUNPATH_SEARCH_PATHS = (
					"$(inherited)",
					"@executable_path/Frameworks",
				);
				PRODUCT_BUNDLE_IDENTIFIER = nickbryanmiller.ModuleNavigation;
				PRODUCT_NAME = "$(TARGET_NAME)";
				SWIFT_VERSION = 4.2;
				TARGETED_DEVICE_FAMILY = "1,2";
			};
			name = Release;
		};
/* End XCBuildConfiguration section */

/* Begin XCConfigurationList section */
		272F31A5221FBEBA000E1B17 /* Build configuration list for PBXProject "ModuleNavigation" */ = {
			isa = XCConfigurationList;
			buildConfigurations = (
				272F31BA221FBEBC000E1B17 /* Debug */,
				272F31BB221FBEBC000E1B17 /* Release */,
			);
			defaultConfigurationIsVisible = 0;
			defaultConfigurationName = Release;
		};
		272F31BC221FBEBC000E1B17 /* Build configuration list for PBXNativeTarget "ModuleNavigation" */ = {
			isa = XCConfigurationList;
			buildConfigurations = (
				272F31BD221FBEBC000E1B17 /* Debug */,
				272F31BE221FBEBC000E1B17 /* Release */,
			);
			defaultConfigurationIsVisible = 0;
			defaultConfigurationName = Release;
		};
/* End XCConfigurationList section */
	};
	rootObject = 272F31A2221FBEBA000E1B17 /* Project object */;
}
